
Microsoft Visual Studio Solution File, Format Version 12.00
# Visual Studio 2012
Project("{F184B08F-C81C-45F6-A57F-5ABD9991F28F}") = "ox800Game", "ox800Game\ox800Game.vbproj", "{C2806D11-B9F1-479D-BAAB-AA9AC9450BF4}"
EndProject
Global
	GlobalSection(SolutionConfigurationPlatforms) = preSolution
		Debug|Any CPU = Debug|Any CPU
		Release|Any CPU = Release|Any CPU
	EndGlobalSection
	GlobalSection(ProjectConfigurationPlatforms) = postSolution
		{C2806D11-B9F1-479D-BAAB-AA9AC9450BF4}.Debug|Any CPU.ActiveCfg = Debug|Any CPU
		{C2806D11-B9F1-479D-BAAB-AA9AC9450BF4}.Debug|Any CPU.Build.0 = Debug|Any CPU
		{C2806D11-B9F1-479D-BAAB-AA9AC9450BF4}.Release|Any CPU.ActiveCfg = Release|Any CPU
		{C2806D11-B9F1-479D-BAAB-AA9AC9450BF4}.Release|Any CPU.Build.0 = Release|Any CPU
	EndGlobalSection
	GlobalSection(SolutionProperties) = preSolution
		HideSolutionNode = FALSE
	EndGlobalSection
EndGlobal
